
Microsoft Visual Studio Solution File, Format Version 12.00
# Visual Studio Version 16
VisualStudioVersion = 16.0.31205.134
MinimumVisualStudioVersion = 10.0.40219.1
Project("{9A19103F-16F7-4668-BE54-9A1E7A4F7556}") = "ClinicManagementSystem", "ClinicManagementSystem\ClinicManagementSystem.csproj", "{0DB9D6CB-FB37-443B-BD9C-C64BB15F2470}"
EndProject
Project("{2150E333-8FDC-42A3-9474-1A3956D46DE8}") = "Solution Items", "Solution Items", "{4B685AAF-1BDB-4E54-A381-CEBCA549377A}"
	ProjectSection(SolutionItems) = preProject
		.editorconfig = .editorconfig
	EndProjectSection
EndProject
Global
	GlobalSection(SolutionConfigurationPlatforms) = preSolution
		Debug|Any CPU = Debug|Any CPU
		Release|Any CPU = Release|Any CPU
	EndGlobalSection
	GlobalSection(ProjectConfigurationPlatforms) = postSolution
		{0DB9D6CB-FB37-443B-BD9C-C64BB15F2470}.Debug|Any CPU.ActiveCfg = Debug|Any CPU
		{0DB9D6CB-FB37-443B-BD9C-C64BB15F2470}.Debug|Any CPU.Build.0 = Debug|Any CPU
		{0DB9D6CB-FB37-443B-BD9C-C64BB15F2470}.Release|Any CPU.ActiveCfg = Release|Any CPU
		{0DB9D6CB-FB37-443B-BD9C-C64BB15F2470}.Release|Any CPU.Build.0 = Release|Any CPU
	EndGlobalSection
	GlobalSection(SolutionProperties) = preSolution
		HideSolutionNode = FALSE
	EndGlobalSection
	GlobalSection(ExtensibilityGlobals) = postSolution
		SolutionGuid = {F7DF647D-3342-496C-AE7A-FF60FD5A6907}
	EndGlobalSection
EndGlobal
